
Microsoft Visual Studio Solution File, Format Version 12.00
# Visual Studio 2012
Project("{FAE04EC0-301F-11D3-BF4B-00C04F79EFBC}") = "CheckFile", "CheckFile\CheckFile.csproj", "{7EAE6AA6-D9C0-42F8-9DA6-31DBEA753ECD}"
EndProject
Global
	GlobalSection(SolutionConfigurationPlatforms) = preSolution
		Debug|Any CPU = Debug|Any CPU
		Release|Any CPU = Release|Any CPU
	EndGlobalSection
	GlobalSection(ProjectConfigurationPlatforms) = postSolution
		{7EAE6AA6-D9C0-42F8-9DA6-31DBEA753ECD}.Debug|Any CPU.ActiveCfg = Debug|Any CPU
		{7EAE6AA6-D9C0-42F8-9DA6-31DBEA753ECD}.Debug|Any CPU.Build.0 = Debug|Any CPU
		{7EAE6AA6-D9C0-42F8-9DA6-31DBEA753ECD}.Release|Any CPU.ActiveCfg = Release|Any CPU
		{7EAE6AA6-D9C0-42F8-9DA6-31DBEA753ECD}.Release|Any CPU.Build.0 = Release|Any CPU
	EndGlobalSection
	GlobalSection(SolutionProperties) = preSolution
		HideSolutionNode = FALSE
	EndGlobalSection
EndGlobal
